name: Video
icon: video
tabs:
  content:
    fields:
      files:
        label: Thumbnail
        type: files
        max: 1
        layout: cards
        size: huge
        accept: image/*
      mp4:
        label: URL der Videodatei in MP4
        type: text
        width: 1/2
        help: Der Text kann eine relative oder abolute Adresse sein. Also */downloads/video.mp4* oder *https://externer-hoster.xyz/video.mp4*.
        default: /assets/home-video.mp4
      webm:
        label: URL der Videodatei in WebM
        type: text
        width: 1/2
        help: Der Text kann eine relative oder abolute Adresse sein. Also */downloads/video.mp4* oder *https://externer-hoster.xyz/video.mp4*.
        default: /assets/home-video.webm
      size:
        type: radio
        label: Stil
        help: Wähle zwischen kleinem Schatten und eng anbgerundeten Ecken oder großem Schatten und einem größeren Radius für die Ecken.
        default: large
        options:
          small: Klein
          large: Groß
      subtitles:
        label: Untertitel
        help: Untertitel müssen im WebVTT Format als vtt Datei hochgeladen werden. Der Dateiname muss die Sprache indizieren, beispielsweise "de.vtt" oder "en.vtt".
        type: files
        uploads: subtitle-file
