name: Slider
icon: images
tabs:
  content:
    fields:
      layout:
        type: toggles
        label: Slider Layout
        default: two
        options:
          - value: two
            text: Zwei Spalten
          - value: three
            text: Drei Spalten
      images:
        type: files
        uploads: image
        layout: cards
        size: small
        min: 1
